
Microsoft Visual Studio Solution File, Format Version 12.00
# Visual Studio 2012
Project("{FAE04EC0-301F-11D3-BF4B-00C04F79EFBC}") = "ValetSafeIOS", "ValetSafeIOS\ValetSafeIOS.csproj", "{5F255579-2BF3-4BCE-AC76-5EAE219B9595}"
EndProject
Project("{FAE04EC0-301F-11D3-BF4B-00C04F79EFBC}") = "MonoTouch.SlideoutNavigation", "MonoTouch.SlideoutNavigation\MonoTouch.SlideoutNavigation.csproj", "{6D7B9B53-CFEF-46BE-A608-14A4A1381CF6}"
EndProject
Project("{FAE04EC0-301F-11D3-BF4B-00C04F79EFBC}") = "ValetSafeDriver", "ValetSafeDriver\ValetSafeDriver.csproj", "{11A1FD5E-B5BD-48EC-8655-73EBA17DFF18}"
EndProject
Project("{FAE04EC0-301F-11D3-BF4B-00C04F79EFBC}") = "PDRating", "PDRating\PDRating.csproj", "{62A0793B-8086-4424-84E2-9743845676C9}"
EndProject
Global
	GlobalSection(SolutionConfigurationPlatforms) = preSolution
		Debug|iPhoneSimulator = Debug|iPhoneSimulator
		Release|iPhone = Release|iPhone
		Release|iPhoneSimulator = Release|iPhoneSimulator
		Debug|iPhone = Debug|iPhone
	EndGlobalSection
	GlobalSection(ProjectConfigurationPlatforms) = postSolution
		{5F255579-2BF3-4BCE-AC76-5EAE219B9595}.Debug|iPhoneSimulator.ActiveCfg = Debug|iPhoneSimulator
		{5F255579-2BF3-4BCE-AC76-5EAE219B9595}.Debug|iPhoneSimulator.Build.0 = Debug|iPhoneSimulator
		{5F255579-2BF3-4BCE-AC76-5EAE219B9595}.Release|iPhone.ActiveCfg = Release|iPhone
		{5F255579-2BF3-4BCE-AC76-5EAE219B9595}.Release|iPhone.Build.0 = Release|iPhone
		{5F255579-2BF3-4BCE-AC76-5EAE219B9595}.Release|iPhoneSimulator.ActiveCfg = Release|iPhoneSimulator
		{5F255579-2BF3-4BCE-AC76-5EAE219B9595}.Release|iPhoneSimulator.Build.0 = Release|iPhoneSimulator
		{5F255579-2BF3-4BCE-AC76-5EAE219B9595}.Debug|iPhone.ActiveCfg = Debug|iPhone
		{5F255579-2BF3-4BCE-AC76-5EAE219B9595}.Debug|iPhone.Build.0 = Debug|iPhone
		{6D7B9B53-CFEF-46BE-A608-14A4A1381CF6}.Debug|iPhoneSimulator.ActiveCfg = Debug|Any CPU
		{6D7B9B53-CFEF-46BE-A608-14A4A1381CF6}.Debug|iPhoneSimulator.Build.0 = Debug|Any CPU
		{6D7B9B53-CFEF-46BE-A608-14A4A1381CF6}.Release|iPhone.ActiveCfg = Release|Any CPU
		{6D7B9B53-CFEF-46BE-A608-14A4A1381CF6}.Release|iPhone.Build.0 = Release|Any CPU
		{6D7B9B53-CFEF-46BE-A608-14A4A1381CF6}.Release|iPhoneSimulator.ActiveCfg = Release|Any CPU
		{6D7B9B53-CFEF-46BE-A608-14A4A1381CF6}.Release|iPhoneSimulator.Build.0 = Release|Any CPU
		{6D7B9B53-CFEF-46BE-A608-14A4A1381CF6}.Debug|iPhone.ActiveCfg = Debug|Any CPU
		{6D7B9B53-CFEF-46BE-A608-14A4A1381CF6}.Debug|iPhone.Build.0 = Debug|Any CPU
		{11A1FD5E-B5BD-48EC-8655-73EBA17DFF18}.Debug|iPhoneSimulator.ActiveCfg = Debug|iPhoneSimulator
		{11A1FD5E-B5BD-48EC-8655-73EBA17DFF18}.Debug|iPhoneSimulator.Build.0 = Debug|iPhoneSimulator
		{11A1FD5E-B5BD-48EC-8655-73EBA17DFF18}.Release|iPhone.ActiveCfg = Release|iPhone
		{11A1FD5E-B5BD-48EC-8655-73EBA17DFF18}.Release|iPhone.Build.0 = Release|iPhone
		{11A1FD5E-B5BD-48EC-8655-73EBA17DFF18}.Release|iPhoneSimulator.ActiveCfg = Release|iPhoneSimulator
		{11A1FD5E-B5BD-48EC-8655-73EBA17DFF18}.Release|iPhoneSimulator.Build.0 = Release|iPhoneSimulator
		{11A1FD5E-B5BD-48EC-8655-73EBA17DFF18}.Debug|iPhone.ActiveCfg = Debug|iPhone
		{11A1FD5E-B5BD-48EC-8655-73EBA17DFF18}.Debug|iPhone.Build.0 = Debug|iPhone
		{62A0793B-8086-4424-84E2-9743845676C9}.Debug|iPhoneSimulator.ActiveCfg = Debug|Any CPU
		{62A0793B-8086-4424-84E2-9743845676C9}.Debug|iPhoneSimulator.Build.0 = Debug|Any CPU
		{62A0793B-8086-4424-84E2-9743845676C9}.Release|iPhone.ActiveCfg = Release|Any CPU
		{62A0793B-8086-4424-84E2-9743845676C9}.Release|iPhone.Build.0 = Release|Any CPU
		{62A0793B-8086-4424-84E2-9743845676C9}.Release|iPhoneSimulator.ActiveCfg = Release|Any CPU
		{62A0793B-8086-4424-84E2-9743845676C9}.Release|iPhoneSimulator.Build.0 = Release|Any CPU
		{62A0793B-8086-4424-84E2-9743845676C9}.Debug|iPhone.ActiveCfg = Debug|Any CPU
		{62A0793B-8086-4424-84E2-9743845676C9}.Debug|iPhone.Build.0 = Debug|Any CPU
	EndGlobalSection
EndGlobal
